// !$*UTF8*$!
{
	archiveVersion = 1;
	classes = {
	};
	objectVersion = 46;
	objects = {

/* Begin PBXBuildFile section */
		001A68121C5F8DF70083D416 /* main.m in Sources */ = {isa = PBXBuildFile; fileRef = 001A68111C5F8DF70083D416 /* main.m */; };
		001A68151C5F8DF70083D416 /* AppDelegate.m in Sources */ = {isa = PBXBuildFile; fileRef = 001A68141C5F8DF70083D416 /* AppDelegate.m */; };
		001A68181C5F8DF70083D416 /* ViewController.m in Sources */ = {isa = PBXBuildFile; fileRef = 001A68171C5F8DF70083D416 /* ViewController.m */; };
		001A681B1C5F8DF70083D416 /* Main.storyboard in Resources */ = {isa = PBXBuildFile; fileRef = 001A68191C5F8DF70083D416 /* Main.storyboard */; };
		001A681E1C5F8DF70083D416 /* CompanyDiscounts.xcdatamodeld in Sources */ = {isa = PBXBuildFile; fileRef = 001A681C1C5F8DF70083D416 /* CompanyDiscounts.xcdatamodeld */; };
		001A68201C5F8DF70083D416 /* Assets.xcassets in Resources */ = {isa = PBXBuildFile; fileRef = 001A681F1C5F8DF70083D416 /* Assets.xcassets */; };
		001A68231C5F8DF70083D416 /* LaunchScreen.storyboard in Resources */ = {isa = PBXBuildFile; fileRef = 001A68211C5F8DF70083D416 /* LaunchScreen.storyboard */; };
		0062B16B1C621D3F0083B24E /* Location.m in Sources */ = {isa = PBXBuildFile; fileRef = 0062B16A1C621D3F0083B24E /* Location.m */; };
		0062B16E1C62332B0083B24E /* AddLocationViewController.m in Sources */ = {isa = PBXBuildFile; fileRef = 0062B16D1C62332B0083B24E /* AddLocationViewController.m */; };
		0062B1701C6246090083B24E /* MapKit.framework in Frameworks */ = {isa = PBXBuildFile; fileRef = 0062B16F1C6246090083B24E /* MapKit.framework */; };
		0062B1731C624C630083B24E /* MapPin.m in Sources */ = {isa = PBXBuildFile; fileRef = 0062B1721C624C630083B24E /* MapPin.m */; };
		0062B1761C627C510083B24E /* AllBusinessesCollectionViewController.m in Sources */ = {isa = PBXBuildFile; fileRef = 0062B1751C627C510083B24E /* AllBusinessesCollectionViewController.m */; };
		0062B1791C63744F0083B24E /* AllBusinessesCollectionViewCell.m in Sources */ = {isa = PBXBuildFile; fileRef = 0062B1781C63744F0083B24E /* AllBusinessesCollectionViewCell.m */; };
		0062B17C1C639A160083B24E /* BusinessDetailsViewController.m in Sources */ = {isa = PBXBuildFile; fileRef = 0062B17B1C639A160083B24E /* BusinessDetailsViewController.m */; };
		0062B17E1C63D2530083B24E /* default.gpx in Resources */ = {isa = PBXBuildFile; fileRef = 0062B17D1C63D2530083B24E /* default.gpx */; };
		0062B1811C64F6A70083B24E /* User.m in Sources */ = {isa = PBXBuildFile; fileRef = 0062B1801C64F6A70083B24E /* User.m */; };
		0062B1841C64F8F80083B24E /* UserViewController.m in Sources */ = {isa = PBXBuildFile; fileRef = 0062B1831C64F8F80083B24E /* UserViewController.m */; };
		0062B18D1C6607F20083B24E /* SWRevealViewController.m in Sources */ = {isa = PBXBuildFile; fileRef = 0062B18C1C6607F20083B24E /* SWRevealViewController.m */; };
		0062B1901C6609210083B24E /* SidebarTableViewController.m in Sources */ = {isa = PBXBuildFile; fileRef = 0062B18F1C6609210083B24E /* SidebarTableViewController.m */; };
		0062B1921C6616430083B24E /* CoreData.framework in Frameworks */ = {isa = PBXBuildFile; fileRef = 0062B1911C6616430083B24E /* CoreData.framework */; };
		0062B1951C663B3D0083B24E /* UserBusinessesCollectionViewController.swift in Sources */ = {isa = PBXBuildFile; fileRef = 0062B1941C663B3D0083B24E /* UserBusinessesCollectionViewController.swift */; };
		0098F1DE1C60CA97008CEF76 /* Business.m in Sources */ = {isa = PBXBuildFile; fileRef = 0098F1DD1C60CA97008CEF76 /* Business.m */; };
		0098F22B1C611D86008CEF76 /* Bolts.framework in Frameworks */ = {isa = PBXBuildFile; fileRef = 0098F22A1C611D86008CEF76 /* Bolts.framework */; };
		0098F22D1C611DA7008CEF76 /* Parse.framework in Frameworks */ = {isa = PBXBuildFile; fileRef = 0098F22C1C611DA7008CEF76 /* Parse.framework */; };
		0098F22F1C611E34008CEF76 /* AudioToolbox.framework in Frameworks */ = {isa = PBXBuildFile; fileRef = 0098F22E1C611E34008CEF76 /* AudioToolbox.framework */; };
		0098F2311C611E40008CEF76 /* CFNetwork.framework in Frameworks */ = {isa = PBXBuildFile; fileRef = 0098F2301C611E40008CEF76 /* CFNetwork.framework */; };
		0098F2331C611E52008CEF76 /* CoreGraphics.framework in Frameworks */ = {isa = PBXBuildFile; fileRef = 0098F2321C611E52008CEF76 /* CoreGraphics.framework */; };
		0098F2351C611E61008CEF76 /* QuartzCore.framework in Frameworks */ = {isa = PBXBuildFile; fileRef = 0098F2341C611E61008CEF76 /* QuartzCore.framework */; };
		0098F2371C611E6D008CEF76 /* Security.framework in Frameworks */ = {isa = PBXBuildFile; fileRef = 0098F2361C611E6D008CEF76 /* Security.framework */; };
		0098F2391C611E75008CEF76 /* StoreKit.framework in Frameworks */ = {isa = PBXBuildFile; fileRef = 0098F2381C611E75008CEF76 /* StoreKit.framework */; };
		0098F23B1C611E88008CEF76 /* SystemConfiguration.framework in Frameworks */ = {isa = PBXBuildFile; fileRef = 0098F23A1C611E88008CEF76 /* SystemConfiguration.framework */; };
		0098F23D1C611E9B008CEF76 /* libz.tbd in Frameworks */ = {isa = PBXBuildFile; fileRef = 0098F23C1C611E9B008CEF76 /* libz.tbd */; };
		0098F23F1C611EAF008CEF76 /* libsqlite3.tbd in Frameworks */ = {isa = PBXBuildFile; fileRef = 0098F23E1C611EAF008CEF76 /* libsqlite3.tbd */; };
		00A503931C60BAE700186492 /* CoreLocation.framework in Frameworks */ = {isa = PBXBuildFile; fileRef = 001A682B1C5FE26B0083D416 /* CoreLocation.framework */; };
		00A503961C60BCCE00186492 /* AddBusinessViewController.m in Sources */ = {isa = PBXBuildFile; fileRef = 00A503951C60BCCE00186492 /* AddBusinessViewController.m */; };
/* End PBXBuildFile section */

/* Begin PBXFileReference section */
		001A680D1C5F8DF70083D416 /* CompanyDiscounts.app */ = {isa = PBXFileReference; explicitFileType = wrapper.application; includeInIndex = 0; path = CompanyDiscounts.app; sourceTree = BUILT_PRODUCTS_DIR; };
		001A68111C5F8DF70083D416 /* main.m */ = {isa = PBXFileReference; lastKnownFileType = sourcecode.c.objc; path = main.m; sourceTree = "<group>"; };
		001A68131C5F8DF70083D416 /* AppDelegate.h */ = {isa = PBXFileReference; lastKnownFileType = sourcecode.c.h; path = AppDelegate.h; sourceTree = "<group>"; };
		001A68141C5F8DF70083D416 /* AppDelegate.m */ = {isa = PBXFileReference; lastKnownFileType = sourcecode.c.objc; path = AppDelegate.m; sourceTree = "<group>"; };
		001A68161C5F8DF70083D416 /* ViewController.h */ = {isa = PBXFileReference; lastKnownFileType = sourcecode.c.h; path = ViewController.h; sourceTree = "<group>"; };
		001A68171C5F8DF70083D416 /* ViewController.m */ = {isa = PBXFileReference; lastKnownFileType = sourcecode.c.objc; path = ViewController.m; sourceTree = "<group>"; };
		001A681A1C5F8DF70083D416 /* Base */ = {isa = PBXFileReference; lastKnownFileType = file.storyboard; name = Base; path = Base.lproj/Main.storyboard; sourceTree = "<group>"; };
		001A681D1C5F8DF70083D416 /* CompanyDiscounts.xcdatamodel */ = {isa = PBXFileReference; lastKnownFileType = wrapper.xcdatamodel; path = CompanyDiscounts.xcdatamodel; sourceTree = "<group>"; };
		001A681F1C5F8DF70083D416 /* Assets.xcassets */ = {isa = PBXFileReference; lastKnownFileType = folder.assetcatalog; path = Assets.xcassets; sourceTree = "<group>"; };
		001A68221C5F8DF70083D416 /* Base */ = {isa = PBXFileReference; lastKnownFileType = file.storyboard; name = Base; path = Base.lproj/LaunchScreen.storyboard; sourceTree = "<group>"; };
		001A68241C5F8DF70083D416 /* Info.plist */ = {isa = PBXFileReference; lastKnownFileType = text.plist.xml; path = Info.plist; sourceTree = "<group>"; };
		001A682B1C5FE26B0083D416 /* CoreLocation.framework */ = {isa = PBXFileReference; lastKnownFileType = wrapper.framework; name = CoreLocation.framework; path = System/Library/Frameworks/CoreLocation.framework; sourceTree = SDKROOT; };
		0062B1691C621D3F0083B24E /* Location.h */ = {isa = PBXFileReference; fileEncoding = 4; lastKnownFileType = sourcecode.c.h; path = Location.h; sourceTree = "<group>"; };
		0062B16A1C621D3F0083B24E /* Location.m */ = {isa = PBXFileReference; fileEncoding = 4; lastKnownFileType = sourcecode.c.objc; path = Location.m; sourceTree = "<group>"; };
		0062B16C1C62332B0083B24E /* AddLocationViewController.h */ = {isa = PBXFileReference; fileEncoding = 4; lastKnownFileType = sourcecode.c.h; path = AddLocationViewController.h; sourceTree = "<group>"; };
		0062B16D1C62332B0083B24E /* AddLocationViewController.m */ = {isa = PBXFileReference; fileEncoding = 4; lastKnownFileType = sourcecode.c.objc; path = AddLocationViewController.m; sourceTree = "<group>"; };
		0062B16F1C6246090083B24E /* MapKit.framework */ = {isa = PBXFileReference; lastKnownFileType = wrapper.framework; name = MapKit.framework; path = System/Library/Frameworks/MapKit.framework; sourceTree = SDKROOT; };
		0062B1711C624C630083B24E /* MapPin.h */ = {isa = PBXFileReference; fileEncoding = 4; lastKnownFileType = sourcecode.c.h; path = MapPin.h; sourceTree = "<group>"; };
		0062B1721C624C630083B24E /* MapPin.m */ = {isa = PBXFileReference; fileEncoding = 4; lastKnownFileType = sourcecode.c.objc; path = MapPin.m; sourceTree = "<group>"; };
		0062B1741C627C510083B24E /* AllBusinessesCollectionViewController.h */ = {isa = PBXFileReference; fileEncoding = 4; lastKnownFileType = sourcecode.c.h; path = AllBusinessesCollectionViewController.h; sourceTree = "<group>"; };
		0062B1751C627C510083B24E /* AllBusinessesCollectionViewController.m */ = {isa = PBXFileReference; fileEncoding = 4; lastKnownFileType = sourcecode.c.objc; path = AllBusinessesCollectionViewController.m; sourceTree = "<group>"; };
		0062B1771C63744F0083B24E /* AllBusinessesCollectionViewCell.h */ = {isa = PBXFileReference; fileEncoding = 4; lastKnownFileType = sourcecode.c.h; path = AllBusinessesCollectionViewCell.h; sourceTree = "<group>"; };
		0062B1781C63744F0083B24E /* AllBusinessesCollectionViewCell.m */ = {isa = PBXFileReference; fileEncoding = 4; lastKnownFileType = sourcecode.c.objc; path = AllBusinessesCollectionViewCell.m; sourceTree = "<group>"; };
		0062B17A1C639A160083B24E /* BusinessDetailsViewController.h */ = {isa = PBXFileReference; fileEncoding = 4; lastKnownFileType = sourcecode.c.h; path = BusinessDetailsViewController.h; sourceTree = "<group>"; };
		0062B17B1C639A160083B24E /* BusinessDetailsViewController.m */ = {isa = PBXFileReference; fileEncoding = 4; lastKnownFileType = sourcecode.c.objc; path = BusinessDetailsViewController.m; sourceTree = "<group>"; };
		0062B17D1C63D2530083B24E /* default.gpx */ = {isa = PBXFileReference; fileEncoding = 4; lastKnownFileType = text.xml; name = default.gpx; path = CompanyDiscounts/default.gpx; sourceTree = "<group>"; };
		0062B17F1C64F6A70083B24E /* User.h */ = {isa = PBXFileReference; fileEncoding = 4; lastKnownFileType = sourcecode.c.h; path = User.h; sourceTree = "<group>"; };
		0062B1801C64F6A70083B24E /* User.m */ = {isa = PBXFileReference; fileEncoding = 4; lastKnownFileType = sourcecode.c.objc; path = User.m; sourceTree = "<group>"; };
		0062B1821C64F8F80083B24E /* UserViewController.h */ = {isa = PBXFileReference; fileEncoding = 4; lastKnownFileType = sourcecode.c.h; path = UserViewController.h; sourceTree = "<group>"; };
		0062B1831C64F8F80083B24E /* UserViewController.m */ = {isa = PBXFileReference; fileEncoding = 4; lastKnownFileType = sourcecode.c.objc; path = UserViewController.m; sourceTree = "<group>"; };
		0062B18B1C6607F20083B24E /* SWRevealViewController.h */ = {isa = PBXFileReference; fileEncoding = 4; lastKnownFileType = sourcecode.c.h; name = SWRevealViewController.h; path = ../../../../SWRevealViewController.h; sourceTree = "<group>"; };
		0062B18C1C6607F20083B24E /* SWRevealViewController.m */ = {isa = PBXFileReference; fileEncoding = 4; lastKnownFileType = sourcecode.c.objc; name = SWRevealViewController.m; path = ../../../../SWRevealViewController.m; sourceTree = "<group>"; };
		0062B18E1C6609210083B24E /* SidebarTableViewController.h */ = {isa = PBXFileReference; fileEncoding = 4; lastKnownFileType = sourcecode.c.h; path = SidebarTableViewController.h; sourceTree = "<group>"; };
		0062B18F1C6609210083B24E /* SidebarTableViewController.m */ = {isa = PBXFileReference; fileEncoding = 4; lastKnownFileType = sourcecode.c.objc; path = SidebarTableViewController.m; sourceTree = "<group>"; };
		0062B1911C6616430083B24E /* CoreData.framework */ = {isa = PBXFileReference; lastKnownFileType = wrapper.framework; name = CoreData.framework; path = System/Library/Frameworks/CoreData.framework; sourceTree = SDKROOT; };
		0062B1931C663B3D0083B24E /* CompanyDiscounts-Bridging-Header.h */ = {isa = PBXFileReference; lastKnownFileType = sourcecode.c.h; path = "CompanyDiscounts-Bridging-Header.h"; sourceTree = "<group>"; };
		0062B1941C663B3D0083B24E /* UserBusinessesCollectionViewController.swift */ = {isa = PBXFileReference; fileEncoding = 4; lastKnownFileType = sourcecode.swift; path = UserBusinessesCollectionViewController.swift; sourceTree = "<group>"; };
		0098F1DC1C60CA97008CEF76 /* Business.h */ = {isa = PBXFileReference; fileEncoding = 4; lastKnownFileType = sourcecode.c.h; path = Business.h; sourceTree = "<group>"; };
		0098F1DD1C60CA97008CEF76 /* Business.m */ = {isa = PBXFileReference; fileEncoding = 4; lastKnownFileType = sourcecode.c.objc; path = Business.m; sourceTree = "<group>"; };
		0098F22A1C611D86008CEF76 /* Bolts.framework */ = {isa = PBXFileReference; lastKnownFileType = wrapper.framework; name = Bolts.framework; path = CompanyDiscounts/Bolts.framework; sourceTree = "<group>"; };
		0098F22C1C611DA7008CEF76 /* Parse.framework */ = {isa = PBXFileReference; lastKnownFileType = wrapper.framework; name = Parse.framework; path = CompanyDiscounts/Parse.framework; sourceTree = "<group>"; };
		0098F22E1C611E34008CEF76 /* AudioToolbox.framework */ = {isa = PBXFileReference; lastKnownFileType = wrapper.framework; name = AudioToolbox.framework; path = System/Library/Frameworks/AudioToolbox.framework; sourceTree = SDKROOT; };
		0098F2301C611E40008CEF76 /* CFNetwork.framework */ = {isa = PBXFileReference; lastKnownFileType = wrapper.framework; name = CFNetwork.framework; path = System/Library/Frameworks/CFNetwork.framework; sourceTree = SDKROOT; };
		0098F2321C611E52008CEF76 /* CoreGraphics.framework */ = {isa = PBXFileReference; lastKnownFileType = wrapper.framework; name = CoreGraphics.framework; path = System/Library/Frameworks/CoreGraphics.framework; sourceTree = SDKROOT; };
		0098F2341C611E61008CEF76 /* QuartzCore.framework */ = {isa = PBXFileReference; lastKnownFileType = wrapper.framework; name = QuartzCore.framework; path = System/Library/Frameworks/QuartzCore.framework; sourceTree = SDKROOT; };
		0098F2361C611E6D008CEF76 /* Security.framework */ = {isa = PBXFileReference; lastKnownFileType = wrapper.framework; name = Security.framework; path = System/Library/Frameworks/Security.framework; sourceTree = SDKROOT; };
		0098F2381C611E75008CEF76 /* StoreKit.framework */ = {isa = PBXFileReference; lastKnownFileType = wrapper.framework; name = StoreKit.framework; path = System/Library/Frameworks/StoreKit.framework; sourceTree = SDKROOT; };
		0098F23A1C611E88008CEF76 /* SystemConfiguration.framework */ = {isa = PBXFileReference; lastKnownFileType = wrapper.framework; name = SystemConfiguration.framework; path = System/Library/Frameworks/SystemConfiguration.framework; sourceTree = SDKROOT; };
		0098F23C1C611E9B008CEF76 /* libz.tbd */ = {isa = PBXFileReference; lastKnownFileType = "sourcecode.text-based-dylib-definition"; name = libz.tbd; path = usr/lib/libz.tbd; sourceTree = SDKROOT; };
		0098F23E1C611EAF008CEF76 /* libsqlite3.tbd */ = {isa = PBXFileReference; lastKnownFileType = "sourcecode.text-based-dylib-definition"; name = libsqlite3.tbd; path = usr/lib/libsqlite3.tbd; sourceTree = SDKROOT; };
		00A503941C60BCCE00186492 /* AddBusinessViewController.h */ = {isa = PBXFileReference; fileEncoding = 4; lastKnownFileType = sourcecode.c.h; path = AddBusinessViewController.h; sourceTree = "<group>"; };
		00A503951C60BCCE00186492 /* AddBusinessViewController.m */ = {isa = PBXFileReference; fileEncoding = 4; lastKnownFileType = sourcecode.c.objc; path = AddBusinessViewController.m; sourceTree = "<group>"; };
/* End PBXFileReference section */

/* Begin PBXFrameworksBuildPhase section */
		001A680A1C5F8DF70083D416 /* Frameworks */ = {
			isa = PBXFrameworksBuildPhase;
			buildActionMask = 2147483647;
			files = (
				0062B1921C6616430083B24E /* CoreData.framework in Frameworks */,
				0098F23F1C611EAF008CEF76 /* libsqlite3.tbd in Frameworks */,
				0098F23D1C611E9B008CEF76 /* libz.tbd in Frameworks */,
				0098F23B1C611E88008CEF76 /* SystemConfiguration.framework in Frameworks */,
				0098F2391C611E75008CEF76 /* StoreKit.framework in Frameworks */,
				0098F2371C611E6D008CEF76 /* Security.framework in Frameworks */,
				0098F2351C611E61008CEF76 /* QuartzCore.framework in Frameworks */,
				0098F2331C611E52008CEF76 /* CoreGraphics.framework in Frameworks */,
				0062B1701C6246090083B24E /* MapKit.framework in Frameworks */,
				0098F2311C611E40008CEF76 /* CFNetwork.framework in Frameworks */,
				0098F22F1C611E34008CEF76 /* AudioToolbox.framework in Frameworks */,
				00A503931C60BAE700186492 /* CoreLocation.framework in Frameworks */,
				0098F22D1C611DA7008CEF76 /* Parse.framework in Frameworks */,
				0098F22B1C611D86008CEF76 /* Bolts.framework in Frameworks */,
			);
			runOnlyForDeploymentPostprocessing = 0;
		};
/* End PBXFrameworksBuildPhase section */

/* Begin PBXGroup section */
		001A68041C5F8DF60083D416 = {
			isa = PBXGroup;
			children = (
				0062B1911C6616430083B24E /* CoreData.framework */,
				0062B17D1C63D2530083B24E /* default.gpx */,
				0062B16F1C6246090083B24E /* MapKit.framework */,
				0098F23E1C611EAF008CEF76 /* libsqlite3.tbd */,
				0098F23C1C611E9B008CEF76 /* libz.tbd */,
				0098F23A1C611E88008CEF76 /* SystemConfiguration.framework */,
				0098F2381C611E75008CEF76 /* StoreKit.framework */,
				0098F2361C611E6D008CEF76 /* Security.framework */,
				0098F2341C611E61008CEF76 /* QuartzCore.framework */,
				0098F2321C611E52008CEF76 /* CoreGraphics.framework */,
				0098F2301C611E40008CEF76 /* CFNetwork.framework */,
				0098F22E1C611E34008CEF76 /* AudioToolbox.framework */,
				0098F22C1C611DA7008CEF76 /* Parse.framework */,
				0098F22A1C611D86008CEF76 /* Bolts.framework */,
				001A682B1C5FE26B0083D416 /* CoreLocation.framework */,
				001A680F1C5F8DF70083D416 /* CompanyDiscounts */,
				001A680E1C5F8DF70083D416 /* Products */,
			);
			sourceTree = "<group>";
		};
		001A680E1C5F8DF70083D416 /* Products */ = {
			isa = PBXGroup;
			children = (
				001A680D1C5F8DF70083D416 /* CompanyDiscounts.app */,
			);
			name = Products;
			sourceTree = "<group>";
		};
		001A680F1C5F8DF70083D416 /* CompanyDiscounts */ = {
			isa = PBXGroup;
			children = (
				0098F1DB1C60CA75008CEF76 /* Models */,
				001A682A1C5FD1BA0083D416 /* View Controllers */,
				001A68131C5F8DF70083D416 /* AppDelegate.h */,
				001A68141C5F8DF70083D416 /* AppDelegate.m */,
				001A68191C5F8DF70083D416 /* Main.storyboard */,
				001A681F1C5F8DF70083D416 /* Assets.xcassets */,
				001A68211C5F8DF70083D416 /* LaunchScreen.storyboard */,
				001A68241C5F8DF70083D416 /* Info.plist */,
				001A681C1C5F8DF70083D416 /* CompanyDiscounts.xcdatamodeld */,
				001A68101C5F8DF70083D416 /* Supporting Files */,
			);
			path = CompanyDiscounts;
			sourceTree = "<group>";
		};
		001A68101C5F8DF70083D416 /* Supporting Files */ = {
			isa = PBXGroup;
			children = (
				001A68111C5F8DF70083D416 /* main.m */,
			);
			name = "Supporting Files";
			sourceTree = "<group>";
		};
		001A682A1C5FD1BA0083D416 /* View Controllers */ = {
			isa = PBXGroup;
			children = (
				0062B18B1C6607F20083B24E /* SWRevealViewController.h */,
				0062B18C1C6607F20083B24E /* SWRevealViewController.m */,
				001A68161C5F8DF70083D416 /* ViewController.h */,
				001A68171C5F8DF70083D416 /* ViewController.m */,
				00A503941C60BCCE00186492 /* AddBusinessViewController.h */,
				00A503951C60BCCE00186492 /* AddBusinessViewController.m */,
				0062B16C1C62332B0083B24E /* AddLocationViewController.h */,
				0062B16D1C62332B0083B24E /* AddLocationViewController.m */,
				0062B1741C627C510083B24E /* AllBusinessesCollectionViewController.h */,
				0062B1751C627C510083B24E /* AllBusinessesCollectionViewController.m */,
				0062B1771C63744F0083B24E /* AllBusinessesCollectionViewCell.h */,
				0062B1781C63744F0083B24E /* AllBusinessesCollectionViewCell.m */,
				0062B17A1C639A160083B24E /* BusinessDetailsViewController.h */,
				0062B17B1C639A160083B24E /* BusinessDetailsViewController.m */,
				0062B1821C64F8F80083B24E /* UserViewController.h */,
				0062B1831C64F8F80083B24E /* UserViewController.m */,
				0062B18E1C6609210083B24E /* SidebarTableViewController.h */,
				0062B18F1C6609210083B24E /* SidebarTableViewController.m */,
				0062B1941C663B3D0083B24E /* UserBusinessesCollectionViewController.swift */,
				0062B1931C663B3D0083B24E /* CompanyDiscounts-Bridging-Header.h */,
			);
			name = "View Controllers";
			sourceTree = "<group>";
		};
		0098F1DB1C60CA75008CEF76 /* Models */ = {
			isa = PBXGroup;
			children = (
				0098F1DC1C60CA97008CEF76 /* Business.h */,
				0098F1DD1C60CA97008CEF76 /* Business.m */,
				0062B1691C621D3F0083B24E /* Location.h */,
				0062B16A1C621D3F0083B24E /* Location.m */,
				0062B1711C624C630083B24E /* MapPin.h */,
				0062B1721C624C630083B24E /* MapPin.m */,
				0062B17F1C64F6A70083B24E /* User.h */,
				0062B1801C64F6A70083B24E /* User.m */,
			);
			name = Models;
			sourceTree = "<group>";
		};
/* End PBXGroup section */

/* Begin PBXNativeTarget section */
		001A680C1C5F8DF70083D416 /* CompanyDiscounts */ = {
			isa = PBXNativeTarget;
			buildConfigurationList = 001A68271C5F8DF70083D416 /* Build configuration list for PBXNativeTarget "CompanyDiscounts" */;
			buildPhases = (
				001A68091C5F8DF70083D416 /* Sources */,
				001A680A1C5F8DF70083D416 /* Frameworks */,
				001A680B1C5F8DF70083D416 /* Resources */,
			);
			buildRules = (
			);
			dependencies = (
			);
			name = CompanyDiscounts;
			productName = CompanyDiscounts;
			productReference = 001A680D1C5F8DF70083D416 /* CompanyDiscounts.app */;
			productType = "com.apple.product-type.application";
		};
/* End PBXNativeTarget section */

/* Begin PBXProject section */
		001A68051C5F8DF70083D416 /* Project object */ = {
			isa = PBXProject;
			attributes = {
				LastUpgradeCheck = 0720;
				ORGANIZATIONNAME = "Telerik Academy";
				TargetAttributes = {
					001A680C1C5F8DF70083D416 = {
						CreatedOnToolsVersion = 7.2;
						SystemCapabilities = {
							com.apple.Maps.iOS = {
								enabled = 1;
							};
						};
					};
				};
			};
			buildConfigurationList = 001A68081C5F8DF70083D416 /* Build configuration list for PBXProject "CompanyDiscounts" */;
			compatibilityVersion = "Xcode 3.2";
			developmentRegion = English;
			hasScannedForEncodings = 0;
			knownRegions = (
				en,
				Base,
			);
			mainGroup = 001A68041C5F8DF60083D416;
			productRefGroup = 001A680E1C5F8DF70083D416 /* Products */;
			projectDirPath = "";
			projectRoot = "";
			targets = (
				001A680C1C5F8DF70083D416 /* CompanyDiscounts */,
			);
		};
/* End PBXProject section */

/* Begin PBXResourcesBuildPhase section */
		001A680B1C5F8DF70083D416 /* Resources */ = {
			isa = PBXResourcesBuildPhase;
			buildActionMask = 2147483647;
			files = (
				001A68231C5F8DF70083D416 /* LaunchScreen.storyboard in Resources */,
				0062B17E1C63D2530083B24E /* default.gpx in Resources */,
				001A68201C5F8DF70083D416 /* Assets.xcassets in Resources */,
				001A681B1C5F8DF70083D416 /* Main.storyboard in Resources */,
			);
			runOnlyForDeploymentPostprocessing = 0;
		};
/* End PBXResourcesBuildPhase section */

/* Begin PBXSourcesBuildPhase section */
		001A68091C5F8DF70083D416 /* Sources */ = {
			isa = PBXSourcesBuildPhase;
			buildActionMask = 2147483647;
			files = (
				0062B1811C64F6A70083B24E /* User.m in Sources */,
				0062B1731C624C630083B24E /* MapPin.m in Sources */,
				001A681E1C5F8DF70083D416 /* CompanyDiscounts.xcdatamodeld in Sources */,
				0062B1791C63744F0083B24E /* AllBusinessesCollectionViewCell.m in Sources */,
				0062B17C1C639A160083B24E /* BusinessDetailsViewController.m in Sources */,
				0062B16B1C621D3F0083B24E /* Location.m in Sources */,
				001A68181C5F8DF70083D416 /* ViewController.m in Sources */,
				0062B1841C64F8F80083B24E /* UserViewController.m in Sources */,
				0062B1951C663B3D0083B24E /* UserBusinessesCollectionViewController.swift in Sources */,
				0062B1901C6609210083B24E /* SidebarTableViewController.m in Sources */,
				001A68151C5F8DF70083D416 /* AppDelegate.m in Sources */,
				0098F1DE1C60CA97008CEF76 /* Business.m in Sources */,
				0062B18D1C6607F20083B24E /* SWRevealViewController.m in Sources */,
				0062B1761C627C510083B24E /* AllBusinessesCollectionViewController.m in Sources */,
				001A68121C5F8DF70083D416 /* main.m in Sources */,
				00A503961C60BCCE00186492 /* AddBusinessViewController.m in Sources */,
				0062B16E1C62332B0083B24E /* AddLocationViewController.m in Sources */,
			);
			runOnlyForDeploymentPostprocessing = 0;
		};
/* End PBXSourcesBuildPhase section */

/* Begin PBXVariantGroup section */
		001A68191C5F8DF70083D416 /* Main.storyboard */ = {
			isa = PBXVariantGroup;
			children = (
				001A681A1C5F8DF70083D416 /* Base */,
			);
			name = Main.storyboard;
			sourceTree = "<group>";
		};
		001A68211C5F8DF70083D416 /* LaunchScreen.storyboard */ = {
			isa = PBXVariantGroup;
			children = (
				001A68221C5F8DF70083D416 /* Base */,
			);
			name = LaunchScreen.storyboard;
			sourceTree = "<group>";
		};
/* End PBXVariantGroup section */

/* Begin XCBuildConfiguration section */
		001A68251C5F8DF70083D416 /* Debug */ = {
			isa = XCBuildConfiguration;
			buildSettings = {
				ALWAYS_SEARCH_USER_PATHS = NO;
				CLANG_CXX_LANGUAGE_STANDARD = "gnu++0x";
				CLANG_CXX_LIBRARY = "libc++";
				CLANG_ENABLE_MODULES = YES;
				CLANG_ENABLE_OBJC_ARC = YES;
				CLANG_WARN_BOOL_CONVERSION = YES;
				CLANG_WARN_CONSTANT_CONVERSION = YES;
				CLANG_WARN_DIRECT_OBJC_ISA_USAGE = YES_ERROR;
				CLANG_WARN_EMPTY_BODY = YES;
				CLANG_WARN_ENUM_CONVERSION = YES;
				CLANG_WARN_INT_CONVERSION = YES;
				CLANG_WARN_OBJC_ROOT_CLASS = YES_ERROR;
				CLANG_WARN_UNREACHABLE_CODE = YES;
				CLANG_WARN__DUPLICATE_METHOD_MATCH = YES;
				"CODE_SIGN_IDENTITY[sdk=iphoneos*]" = "iPhone Developer";
				COPY_PHASE_STRIP = NO;
				DEBUG_INFORMATION_FORMAT = dwarf;
				ENABLE_STRICT_OBJC_MSGSEND = YES;
				ENABLE_TESTABILITY = YES;
				GCC_C_LANGUAGE_STANDARD = gnu99;
				GCC_DYNAMIC_NO_PIC = NO;
				GCC_NO_COMMON_BLOCKS = YES;
				GCC_OPTIMIZATION_LEVEL = 0;
				GCC_PREPROCESSOR_DEFINITIONS = (
					"DEBUG=1",
					"$(inherited)",
				);
				GCC_WARN_64_TO_32_BIT_CONVERSION = YES;
				GCC_WARN_ABOUT_RETURN_TYPE = YES_ERROR;
				GCC_WARN_UNDECLARED_SELECTOR = YES;
				GCC_WARN_UNINITIALIZED_AUTOS = YES_AGGRESSIVE;
				GCC_WARN_UNUSED_FUNCTION = YES;
				GCC_WARN_UNUSED_VARIABLE = YES;
				IPHONEOS_DEPLOYMENT_TARGET = 9.2;
				MTL_ENABLE_DEBUG_INFO = YES;
				ONLY_ACTIVE_ARCH = YES;
				SDKROOT = iphoneos;
				TARGETED_DEVICE_FAMILY = "1,2";
			};
			name = Debug;
		};
		001A68261C5F8DF70083D416 /* Release */ = {
			isa = XCBuildConfiguration;
			buildSettings = {
				ALWAYS_SEARCH_USER_PATHS = NO;
				CLANG_CXX_LANGUAGE_STANDARD = "gnu++0x";
				CLANG_CXX_LIBRARY = "libc++";
				CLANG_ENABLE_MODULES = YES;
				CLANG_ENABLE_OBJC_ARC = YES;
				CLANG_WARN_BOOL_CONVERSION = YES;
				CLANG_WARN_CONSTANT_CONVERSION = YES;
				CLANG_WARN_DIRECT_OBJC_ISA_USAGE = YES_ERROR;
				CLANG_WARN_EMPTY_BODY = YES;
				CLANG_WARN_ENUM_CONVERSION = YES;
				CLANG_WARN_INT_CONVERSION = YES;
				CLANG_WARN_OBJC_ROOT_CLASS = YES_ERROR;
				CLANG_WARN_UNREACHABLE_CODE = YES;
				CLANG_WARN__DUPLICATE_METHOD_MATCH = YES;
				"CODE_SIGN_IDENTITY[sdk=iphoneos*]" = "iPhone Developer";
				COPY_PHASE_STRIP = NO;
				DEBUG_INFORMATION_FORMAT = "dwarf-with-dsym";
				ENABLE_NS_ASSERTIONS = NO;
				ENABLE_STRICT_OBJC_MSGSEND = YES;
				GCC_C_LANGUAGE_STANDARD = gnu99;
				GCC_NO_COMMON_BLOCKS = YES;
				GCC_WARN_64_TO_32_BIT_CONVERSION = YES;
				GCC_WARN_ABOUT_RETURN_TYPE = YES_ERROR;
				GCC_WARN_UNDECLARED_SELECTOR = YES;
				GCC_WARN_UNINITIALIZED_AUTOS = YES_AGGRESSIVE;
				GCC_WARN_UNUSED_FUNCTION = YES;
				GCC_WARN_UNUSED_VARIABLE = YES;
				IPHONEOS_DEPLOYMENT_TARGET = 9.2;
				MTL_ENABLE_DEBUG_INFO = NO;
				SDKROOT = iphoneos;
				TARGETED_DEVICE_FAMILY = "1,2";
				VALIDATE_PRODUCT = YES;
			};
			name = Release;
		};
		001A68281C5F8DF70083D416 /* Debug */ = {
			isa = XCBuildConfiguration;
			buildSettings = {
				ASSETCATALOG_COMPILER_APPICON_NAME = AppIcon;
				CLANG_ENABLE_MODULES = YES;
				FRAMEWORK_SEARCH_PATHS = (
					"$(inherited)",
					"$(PROJECT_DIR)/CompanyDiscounts",
				);
				INFOPLIST_FILE = CompanyDiscounts/Info.plist;
				LD_RUNPATH_SEARCH_PATHS = "$(inherited) @executable_path/Frameworks";
				ONLY_ACTIVE_ARCH = YES;
				OTHER_LDFLAGS = " -ObjC";
				PRODUCT_BUNDLE_IDENTIFIER = "Margarita-Ivancheva.CompanyDiscounts";
				PRODUCT_NAME = "$(TARGET_NAME)";
				SWIFT_OBJC_BRIDGING_HEADER = "CompanyDiscounts/CompanyDiscounts-Bridging-Header.h";
				SWIFT_OPTIMIZATION_LEVEL = "-Onone";
			};
			name = Debug;
		};
		001A68291C5F8DF70083D416 /* Release */ = {
			isa = XCBuildConfiguration;
			buildSettings = {
				ASSETCATALOG_COMPILER_APPICON_NAME = AppIcon;
				CLANG_ENABLE_MODULES = YES;
				FRAMEWORK_SEARCH_PATHS = (
					"$(inherited)",
					"$(PROJECT_DIR)/CompanyDiscounts",
				);
				INFOPLIST_FILE = CompanyDiscounts/Info.plist;
				LD_RUNPATH_SEARCH_PATHS = "$(inherited) @executable_path/Frameworks";
				OTHER_LDFLAGS = " -ObjC";
				PRODUCT_BUNDLE_IDENTIFIER = "Margarita-Ivancheva.CompanyDiscounts";
				PRODUCT_NAME = "$(TARGET_NAME)";
				SWIFT_OBJC_BRIDGING_HEADER = "CompanyDiscounts/CompanyDiscounts-Bridging-Header.h";
			};
			name = Release;
		};
/* End XCBuildConfiguration section */

/* Begin XCConfigurationList section */
		001A68081C5F8DF70083D416 /* Build configuration list for PBXProject "CompanyDiscounts" */ = {
			isa = XCConfigurationList;
			buildConfigurations = (
				001A68251C5F8DF70083D416 /* Debug */,
				001A68261C5F8DF70083D416 /* Release */,
			);
			defaultConfigurationIsVisible = 0;
			defaultConfigurationName = Release;
		};
		001A68271C5F8DF70083D416 /* Build configuration list for PBXNativeTarget "CompanyDiscounts" */ = {
			isa = XCConfigurationList;
			buildConfigurations = (
				001A68281C5F8DF70083D416 /* Debug */,
				001A68291C5F8DF70083D416 /* Release */,
			);
			defaultConfigurationIsVisible = 0;
			defaultConfigurationName = Release;
		};
/* End XCConfigurationList section */

/* Begin XCVersionGroup section */
		001A681C1C5F8DF70083D416 /* CompanyDiscounts.xcdatamodeld */ = {
			isa = XCVersionGroup;
			children = (
				001A681D1C5F8DF70083D416 /* CompanyDiscounts.xcdatamodel */,
			);
			currentVersion = 001A681D1C5F8DF70083D416 /* CompanyDiscounts.xcdatamodel */;
			path = CompanyDiscounts.xcdatamodeld;
			sourceTree = "<group>";
			versionGroupType = wrapper.xcdatamodel;
		};
/* End XCVersionGroup section */
	};
	rootObject = 001A68051C5F8DF70083D416 /* Project object */;
}
